
Microsoft Visual Studio Solution File, Format Version 12.00
# Visual Studio Version 16
VisualStudioVersion = 16.0.30503.244
MinimumVisualStudioVersion = 10.0.40219.1
Project("{8BC9CEB8-8B4A-11D0-8D11-00A0C91BC942}") = "PSO2DamageDump", "PSO2DamageDump\PSO2DamageDump.vcxproj", "{D47F1010-143C-42D6-84F9-AFAAF0BDCF95}"
EndProject
Global
	GlobalSection(SolutionConfigurationPlatforms) = preSolution
		Debug|x86 = Debug|x86
		Release|x86 = Release|x86
	EndGlobalSection
	GlobalSection(ProjectConfigurationPlatforms) = postSolution
		{D47F1010-143C-42D6-84F9-AFAAF0BDCF95}.Debug|x86.ActiveCfg = Debug|Win32
		{D47F1010-143C-42D6-84F9-AFAAF0BDCF95}.Debug|x86.Build.0 = Debug|Win32
		{D47F1010-143C-42D6-84F9-AFAAF0BDCF95}.Release|x86.ActiveCfg = Release|Win32
		{D47F1010-143C-42D6-84F9-AFAAF0BDCF95}.Release|x86.Build.0 = Release|Win32
	EndGlobalSection
	GlobalSection(SolutionProperties) = preSolution
		HideSolutionNode = FALSE
	EndGlobalSection
	GlobalSection(ExtensibilityGlobals) = postSolution
		SolutionGuid = {B4F28B8A-5FF8-4D61-8CDE-D217B7F89F60}
	EndGlobalSection
EndGlobal
